// !$*UTF8*$!
{
	archiveVersion = 1;
	classes = {
	};
	objectVersion = 46;
	objects = {

/* Begin PBXBuildFile section */
		B44053AD1DEB2F070033B146 /* main.m in Sources */ = {isa = PBXBuildFile; fileRef = B44053AC1DEB2F070033B146 /* main.m */; };
		B44053B01DEB2F070033B146 /* AppDelegate.m in Sources */ = {isa = PBXBuildFile; fileRef = B44053AF1DEB2F070033B146 /* AppDelegate.m */; };
		B44053B31DEB2F070033B146 /* ViewController.m in Sources */ = {isa = PBXBuildFile; fileRef = B44053B21DEB2F070033B146 /* ViewController.m */; };
		B44053B61DEB2F070033B146 /* Main.storyboard in Resources */ = {isa = PBXBuildFile; fileRef = B44053B41DEB2F070033B146 /* Main.storyboard */; };
		B44053B81DEB2F070033B146 /* Assets.xcassets in Resources */ = {isa = PBXBuildFile; fileRef = B44053B71DEB2F070033B146 /* Assets.xcassets */; };
		B44053BB1DEB2F070033B146 /* LaunchScreen.storyboard in Resources */ = {isa = PBXBuildFile; fileRef = B44053B91DEB2F070033B146 /* LaunchScreen.storyboard */; };
		B44053C61DEB2F070033B146 /* SearchPageDemoTests.m in Sources */ = {isa = PBXBuildFile; fileRef = B44053C51DEB2F070033B146 /* SearchPageDemoTests.m */; };
		B44053D11DEB2F070033B146 /* SearchPageDemoUITests.m in Sources */ = {isa = PBXBuildFile; fileRef = B44053D01DEB2F070033B146 /* SearchPageDemoUITests.m */; };
		B44053E41DEB30880033B146 /* XYHomeSearchViewController.m in Sources */ = {isa = PBXBuildFile; fileRef = B44053E31DEB30880033B146 /* XYHomeSearchViewController.m */; };
		B44053EC1DEB30D80033B146 /* XYHotSearches.m in Sources */ = {isa = PBXBuildFile; fileRef = B44053E71DEB30D80033B146 /* XYHotSearches.m */; };
		B44053ED1DEB30D80033B146 /* XYSearchBar.m in Sources */ = {isa = PBXBuildFile; fileRef = B44053E91DEB30D80033B146 /* XYSearchBar.m */; };
		B44053EE1DEB30D80033B146 /* XYSearchHistoryView.m in Sources */ = {isa = PBXBuildFile; fileRef = B44053EB1DEB30D80033B146 /* XYSearchHistoryView.m */; };
		B44053FE1DEB32260033B146 /* FMDatabase.m in Sources */ = {isa = PBXBuildFile; fileRef = B44053F21DEB32260033B146 /* FMDatabase.m */; };
		B44053FF1DEB32260033B146 /* FMDatabaseAdditions.m in Sources */ = {isa = PBXBuildFile; fileRef = B44053F41DEB32260033B146 /* FMDatabaseAdditions.m */; };
		B44054001DEB32260033B146 /* FMDatabasePool.m in Sources */ = {isa = PBXBuildFile; fileRef = B44053F61DEB32260033B146 /* FMDatabasePool.m */; };
		B44054011DEB32260033B146 /* FMDatabaseQueue.m in Sources */ = {isa = PBXBuildFile; fileRef = B44053F81DEB32260033B146 /* FMDatabaseQueue.m */; };
		B44054021DEB32260033B146 /* FMResultSet.m in Sources */ = {isa = PBXBuildFile; fileRef = B44053FB1DEB32260033B146 /* FMResultSet.m */; };
		B44054031DEB32260033B146 /* XYSearchCache.m in Sources */ = {isa = PBXBuildFile; fileRef = B44053FD1DEB32260033B146 /* XYSearchCache.m */; };
		B44054061DEB32670033B146 /* XYSearchModel.m in Sources */ = {isa = PBXBuildFile; fileRef = B44054051DEB32670033B146 /* XYSearchModel.m */; };
		B440540A1DEB32780033B146 /* XYNewHomePageSearchResultCell.m in Sources */ = {isa = PBXBuildFile; fileRef = B44054081DEB32780033B146 /* XYNewHomePageSearchResultCell.m */; };
		B440540B1DEB32780033B146 /* XYNewHomePageSearchResultCell.xib in Resources */ = {isa = PBXBuildFile; fileRef = B44054091DEB32780033B146 /* XYNewHomePageSearchResultCell.xib */; };
		B440540E1DEB35270033B146 /* libsqlite3.tbd in Frameworks */ = {isa = PBXBuildFile; fileRef = B440540D1DEB35270033B146 /* libsqlite3.tbd */; };
		B44054111DEB366C0033B146 /* searchbar_textfield_search_icon@2x.png in Resources */ = {isa = PBXBuildFile; fileRef = B44054101DEB366C0033B146 /* searchbar_textfield_search_icon@2x.png */; };
/* End PBXBuildFile section */

/* Begin PBXContainerItemProxy section */
		B44053C21DEB2F070033B146 /* PBXContainerItemProxy */ = {
			isa = PBXContainerItemProxy;
			containerPortal = B44053A01DEB2F070033B146 /* Project object */;
			proxyType = 1;
			remoteGlobalIDString = B44053A71DEB2F070033B146;
			remoteInfo = SearchPageDemo;
		};
		B44053CD1DEB2F070033B146 /* PBXContainerItemProxy */ = {
			isa = PBXContainerItemProxy;
			containerPortal = B44053A01DEB2F070033B146 /* Project object */;
			proxyType = 1;
			remoteGlobalIDString = B44053A71DEB2F070033B146;
			remoteInfo = SearchPageDemo;
		};
/* End PBXContainerItemProxy section */

/* Begin PBXFileReference section */
		B44053A81DEB2F070033B146 /* SearchPageDemo.app */ = {isa = PBXFileReference; explicitFileType = wrapper.application; includeInIndex = 0; path = SearchPageDemo.app; sourceTree = BUILT_PRODUCTS_DIR; };
		B44053AC1DEB2F070033B146 /* main.m */ = {isa = PBXFileReference; lastKnownFileType = sourcecode.c.objc; path = main.m; sourceTree = "<group>"; };
		B44053AE1DEB2F070033B146 /* AppDelegate.h */ = {isa = PBXFileReference; lastKnownFileType = sourcecode.c.h; path = AppDelegate.h; sourceTree = "<group>"; };
		B44053AF1DEB2F070033B146 /* AppDelegate.m */ = {isa = PBXFileReference; lastKnownFileType = sourcecode.c.objc; path = AppDelegate.m; sourceTree = "<group>"; };
		B44053B11DEB2F070033B146 /* ViewController.h */ = {isa = PBXFileReference; lastKnownFileType = sourcecode.c.h; path = ViewController.h; sourceTree = "<group>"; };
		B44053B21DEB2F070033B146 /* ViewController.m */ = {isa = PBXFileReference; lastKnownFileType = sourcecode.c.objc; path = ViewController.m; sourceTree = "<group>"; };
		B44053B51DEB2F070033B146 /* Base */ = {isa = PBXFileReference; lastKnownFileType = file.storyboard; name = Base; path = Base.lproj/Main.storyboard; sourceTree = "<group>"; };
		B44053B71DEB2F070033B146 /* Assets.xcassets */ = {isa = PBXFileReference; lastKnownFileType = folder.assetcatalog; path = Assets.xcassets; sourceTree = "<group>"; };
		B44053BA1DEB2F070033B146 /* Base */ = {isa = PBXFileReference; lastKnownFileType = file.storyboard; name = Base; path = Base.lproj/LaunchScreen.storyboard; sourceTree = "<group>"; };
		B44053BC1DEB2F070033B146 /* Info.plist */ = {isa = PBXFileReference; lastKnownFileType = text.plist.xml; path = Info.plist; sourceTree = "<group>"; };
		B44053C11DEB2F070033B146 /* SearchPageDemoTests.xctest */ = {isa = PBXFileReference; explicitFileType = wrapper.cfbundle; includeInIndex = 0; path = SearchPageDemoTests.xctest; sourceTree = BUILT_PRODUCTS_DIR; };
		B44053C51DEB2F070033B146 /* SearchPageDemoTests.m */ = {isa = PBXFileReference; lastKnownFileType = sourcecode.c.objc; path = SearchPageDemoTests.m; sourceTree = "<group>"; };
		B44053C71DEB2F070033B146 /* Info.plist */ = {isa = PBXFileReference; lastKnownFileType = text.plist.xml; path = Info.plist; sourceTree = "<group>"; };
		B44053CC1DEB2F070033B146 /* SearchPageDemoUITests.xctest */ = {isa = PBXFileReference; explicitFileType = wrapper.cfbundle; includeInIndex = 0; path = SearchPageDemoUITests.xctest; sourceTree = BUILT_PRODUCTS_DIR; };
		B44053D01DEB2F070033B146 /* SearchPageDemoUITests.m */ = {isa = PBXFileReference; lastKnownFileType = sourcecode.c.objc; path = SearchPageDemoUITests.m; sourceTree = "<group>"; };
		B44053D21DEB2F070033B146 /* Info.plist */ = {isa = PBXFileReference; lastKnownFileType = text.plist.xml; path = Info.plist; sourceTree = "<group>"; };
		B44053E21DEB30880033B146 /* XYHomeSearchViewController.h */ = {isa = PBXFileReference; fileEncoding = 4; lastKnownFileType = sourcecode.c.h; path = XYHomeSearchViewController.h; sourceTree = "<group>"; };
		B44053E31DEB30880033B146 /* XYHomeSearchViewController.m */ = {isa = PBXFileReference; fileEncoding = 4; lastKnownFileType = sourcecode.c.objc; path = XYHomeSearchViewController.m; sourceTree = "<group>"; };
		B44053E61DEB30D80033B146 /* XYHotSearches.h */ = {isa = PBXFileReference; fileEncoding = 4; lastKnownFileType = sourcecode.c.h; path = XYHotSearches.h; sourceTree = "<group>"; };
		B44053E71DEB30D80033B146 /* XYHotSearches.m */ = {isa = PBXFileReference; fileEncoding = 4; lastKnownFileType = sourcecode.c.objc; path = XYHotSearches.m; sourceTree = "<group>"; };
		B44053E81DEB30D80033B146 /* XYSearchBar.h */ = {isa = PBXFileReference; fileEncoding = 4; lastKnownFileType = sourcecode.c.h; path = XYSearchBar.h; sourceTree = "<group>"; };
		B44053E91DEB30D80033B146 /* XYSearchBar.m */ = {isa = PBXFileReference; fileEncoding = 4; lastKnownFileType = sourcecode.c.objc; path = XYSearchBar.m; sourceTree = "<group>"; };
		B44053EA1DEB30D80033B146 /* XYSearchHistoryView.h */ = {isa = PBXFileReference; fileEncoding = 4; lastKnownFileType = sourcecode.c.h; path = XYSearchHistoryView.h; sourceTree = "<group>"; };
		B44053EB1DEB30D80033B146 /* XYSearchHistoryView.m */ = {isa = PBXFileReference; fileEncoding = 4; lastKnownFileType = sourcecode.c.objc; path = XYSearchHistoryView.m; sourceTree = "<group>"; };
		B44053F11DEB32260033B146 /* FMDatabase.h */ = {isa = PBXFileReference; fileEncoding = 4; lastKnownFileType = sourcecode.c.h; path = FMDatabase.h; sourceTree = "<group>"; };
		B44053F21DEB32260033B146 /* FMDatabase.m */ = {isa = PBXFileReference; fileEncoding = 4; lastKnownFileType = sourcecode.c.objc; path = FMDatabase.m; sourceTree = "<group>"; };
		B44053F31DEB32260033B146 /* FMDatabaseAdditions.h */ = {isa = PBXFileReference; fileEncoding = 4; lastKnownFileType = sourcecode.c.h; path = FMDatabaseAdditions.h; sourceTree = "<group>"; };
		B44053F41DEB32260033B146 /* FMDatabaseAdditions.m */ = {isa = PBXFileReference; fileEncoding = 4; lastKnownFileType = sourcecode.c.objc; path = FMDatabaseAdditions.m; sourceTree = "<group>"; };
		B44053F51DEB32260033B146 /* FMDatabasePool.h */ = {isa = PBXFileReference; fileEncoding = 4; lastKnownFileType = sourcecode.c.h; path = FMDatabasePool.h; sourceTree = "<group>"; };
		B44053F61DEB32260033B146 /* FMDatabasePool.m */ = {isa = PBXFileReference; fileEncoding = 4; lastKnownFileType = sourcecode.c.objc; path = FMDatabasePool.m; sourceTree = "<group>"; };
		B44053F71DEB32260033B146 /* FMDatabaseQueue.h */ = {isa = PBXFileReference; fileEncoding = 4; lastKnownFileType = sourcecode.c.h; path = FMDatabaseQueue.h; sourceTree = "<group>"; };
		B44053F81DEB32260033B146 /* FMDatabaseQueue.m */ = {isa = PBXFileReference; fileEncoding = 4; lastKnownFileType = sourcecode.c.objc; path = FMDatabaseQueue.m; sourceTree = "<group>"; };
		B44053F91DEB32260033B146 /* FMDB.h */ = {isa = PBXFileReference; fileEncoding = 4; lastKnownFileType = sourcecode.c.h; path = FMDB.h; sourceTree = "<group>"; };
		B44053FA1DEB32260033B146 /* FMResultSet.h */ = {isa = PBXFileReference; fileEncoding = 4; lastKnownFileType = sourcecode.c.h; path = FMResultSet.h; sourceTree = "<group>"; };
		B44053FB1DEB32260033B146 /* FMResultSet.m */ = {isa = PBXFileReference; fileEncoding = 4; lastKnownFileType = sourcecode.c.objc; path = FMResultSet.m; sourceTree = "<group>"; };
		B44053FC1DEB32260033B146 /* XYSearchCache.h */ = {isa = PBXFileReference; fileEncoding = 4; lastKnownFileType = sourcecode.c.h; path = XYSearchCache.h; sourceTree = "<group>"; };
		B44053FD1DEB32260033B146 /* XYSearchCache.m */ = {isa = PBXFileReference; fileEncoding = 4; lastKnownFileType = sourcecode.c.objc; path = XYSearchCache.m; sourceTree = "<group>"; };
		B44054041DEB32670033B146 /* XYSearchModel.h */ = {isa = PBXFileReference; fileEncoding = 4; lastKnownFileType = sourcecode.c.h; path = XYSearchModel.h; sourceTree = "<group>"; };
		B44054051DEB32670033B146 /* XYSearchModel.m */ = {isa = PBXFileReference; fileEncoding = 4; lastKnownFileType = sourcecode.c.objc; path = XYSearchModel.m; sourceTree = "<group>"; };
		B44054071DEB32780033B146 /* XYNewHomePageSearchResultCell.h */ = {isa = PBXFileReference; fileEncoding = 4; lastKnownFileType = sourcecode.c.h; path = XYNewHomePageSearchResultCell.h; sourceTree = "<group>"; };
		B44054081DEB32780033B146 /* XYNewHomePageSearchResultCell.m */ = {isa = PBXFileReference; fileEncoding = 4; lastKnownFileType = sourcecode.c.objc; path = XYNewHomePageSearchResultCell.m; sourceTree = "<group>"; };
		B44054091DEB32780033B146 /* XYNewHomePageSearchResultCell.xib */ = {isa = PBXFileReference; fileEncoding = 4; lastKnownFileType = file.xib; path = XYNewHomePageSearchResultCell.xib; sourceTree = "<group>"; };
		B440540D1DEB35270033B146 /* libsqlite3.tbd */ = {isa = PBXFileReference; lastKnownFileType = "sourcecode.text-based-dylib-definition"; name = libsqlite3.tbd; path = usr/lib/libsqlite3.tbd; sourceTree = SDKROOT; };
		B44054101DEB366C0033B146 /* searchbar_textfield_search_icon@2x.png */ = {isa = PBXFileReference; lastKnownFileType = image.png; path = "searchbar_textfield_search_icon@2x.png"; sourceTree = "<group>"; };
		B44054121DEB3C620033B146 /* PrefixHeader.pch */ = {isa = PBXFileReference; lastKnownFileType = sourcecode.c.h; path = PrefixHeader.pch; sourceTree = "<group>"; };
/* End PBXFileReference section */

/* Begin PBXFrameworksBuildPhase section */
		B44053A51DEB2F070033B146 /* Frameworks */ = {
			isa = PBXFrameworksBuildPhase;
			buildActionMask = 2147483647;
			files = (
				B440540E1DEB35270033B146 /* libsqlite3.tbd in Frameworks */,
			);
			runOnlyForDeploymentPostprocessing = 0;
		};
		B44053BE1DEB2F070033B146 /* Frameworks */ = {
			isa = PBXFrameworksBuildPhase;
			buildActionMask = 2147483647;
			files = (
			);
			runOnlyForDeploymentPostprocessing = 0;
		};
		B44053C91DEB2F070033B146 /* Frameworks */ = {
			isa = PBXFrameworksBuildPhase;
			buildActionMask = 2147483647;
			files = (
			);
			runOnlyForDeploymentPostprocessing = 0;
		};
/* End PBXFrameworksBuildPhase section */

/* Begin PBXGroup section */
		B440539F1DEB2F070033B146 = {
			isa = PBXGroup;
			children = (
				B44053AA1DEB2F070033B146 /* SearchPageDemo */,
				B44053C41DEB2F070033B146 /* SearchPageDemoTests */,
				B44053CF1DEB2F070033B146 /* SearchPageDemoUITests */,
				B44053A91DEB2F070033B146 /* Products */,
				B440540C1DEB35270033B146 /* Frameworks */,
			);
			sourceTree = "<group>";
		};
		B44053A91DEB2F070033B146 /* Products */ = {
			isa = PBXGroup;
			children = (
				B44053A81DEB2F070033B146 /* SearchPageDemo.app */,
				B44053C11DEB2F070033B146 /* SearchPageDemoTests.xctest */,
				B44053CC1DEB2F070033B146 /* SearchPageDemoUITests.xctest */,
			);
			name = Products;
			sourceTree = "<group>";
		};
		B44053AA1DEB2F070033B146 /* SearchPageDemo */ = {
			isa = PBXGroup;
			children = (
				B44053DE1DEB30450033B146 /* SearchPageDemo */,
				B44053AE1DEB2F070033B146 /* AppDelegate.h */,
				B44053AF1DEB2F070033B146 /* AppDelegate.m */,
				B44053B11DEB2F070033B146 /* ViewController.h */,
				B44053B21DEB2F070033B146 /* ViewController.m */,
				B44053B41DEB2F070033B146 /* Main.storyboard */,
				B44053B71DEB2F070033B146 /* Assets.xcassets */,
				B44053B91DEB2F070033B146 /* LaunchScreen.storyboard */,
				B44053BC1DEB2F070033B146 /* Info.plist */,
				B44053AB1DEB2F070033B146 /* Supporting Files */,
				B44054121DEB3C620033B146 /* PrefixHeader.pch */,
			);
			path = SearchPageDemo;
			sourceTree = "<group>";
		};
		B44053AB1DEB2F070033B146 /* Supporting Files */ = {
			isa = PBXGroup;
			children = (
				B44053AC1DEB2F070033B146 /* main.m */,
			);
			name = "Supporting Files";
			sourceTree = "<group>";
		};
		B44053C41DEB2F070033B146 /* SearchPageDemoTests */ = {
			isa = PBXGroup;
			children = (
				B44053C51DEB2F070033B146 /* SearchPageDemoTests.m */,
				B44053C71DEB2F070033B146 /* Info.plist */,
			);
			path = SearchPageDemoTests;
			sourceTree = "<group>";
		};
		B44053CF1DEB2F070033B146 /* SearchPageDemoUITests */ = {
			isa = PBXGroup;
			children = (
				B44053D01DEB2F070033B146 /* SearchPageDemoUITests.m */,
				B44053D21DEB2F070033B146 /* Info.plist */,
			);
			path = SearchPageDemoUITests;
			sourceTree = "<group>";
		};
		B44053DE1DEB30450033B146 /* SearchPageDemo */ = {
			isa = PBXGroup;
			children = (
				B44053E21DEB30880033B146 /* XYHomeSearchViewController.h */,
				B44053E31DEB30880033B146 /* XYHomeSearchViewController.m */,
				B44054041DEB32670033B146 /* XYSearchModel.h */,
				B44054051DEB32670033B146 /* XYSearchModel.m */,
				B44054071DEB32780033B146 /* XYNewHomePageSearchResultCell.h */,
				B44054081DEB32780033B146 /* XYNewHomePageSearchResultCell.m */,
				B44054091DEB32780033B146 /* XYNewHomePageSearchResultCell.xib */,
				B440540F1DEB366C0033B146 /* Images */,
				B44053EF1DEB32260033B146 /* DataManager */,
				B44053E51DEB30D80033B146 /* CustomeViews */,
			);
			path = SearchPageDemo;
			sourceTree = "<group>";
		};
		B44053E51DEB30D80033B146 /* CustomeViews */ = {
			isa = PBXGroup;
			children = (
				B44053E61DEB30D80033B146 /* XYHotSearches.h */,
				B44053E71DEB30D80033B146 /* XYHotSearches.m */,
				B44053E81DEB30D80033B146 /* XYSearchBar.h */,
				B44053E91DEB30D80033B146 /* XYSearchBar.m */,
				B44053EA1DEB30D80033B146 /* XYSearchHistoryView.h */,
				B44053EB1DEB30D80033B146 /* XYSearchHistoryView.m */,
			);
			path = CustomeViews;
			sourceTree = "<group>";
		};
		B44053EF1DEB32260033B146 /* DataManager */ = {
			isa = PBXGroup;
			children = (
				B44053F01DEB32260033B146 /* FMDB */,
				B44053FC1DEB32260033B146 /* XYSearchCache.h */,
				B44053FD1DEB32260033B146 /* XYSearchCache.m */,
			);
			path = DataManager;
			sourceTree = "<group>";
		};
		B44053F01DEB32260033B146 /* FMDB */ = {
			isa = PBXGroup;
			children = (
				B44053F11DEB32260033B146 /* FMDatabase.h */,
				B44053F21DEB32260033B146 /* FMDatabase.m */,
				B44053F31DEB32260033B146 /* FMDatabaseAdditions.h */,
				B44053F41DEB32260033B146 /* FMDatabaseAdditions.m */,
				B44053F51DEB32260033B146 /* FMDatabasePool.h */,
				B44053F61DEB32260033B146 /* FMDatabasePool.m */,
				B44053F71DEB32260033B146 /* FMDatabaseQueue.h */,
				B44053F81DEB32260033B146 /* FMDatabaseQueue.m */,
				B44053F91DEB32260033B146 /* FMDB.h */,
				B44053FA1DEB32260033B146 /* FMResultSet.h */,
				B44053FB1DEB32260033B146 /* FMResultSet.m */,
			);
			path = FMDB;
			sourceTree = "<group>";
		};
		B440540C1DEB35270033B146 /* Frameworks */ = {
			isa = PBXGroup;
			children = (
				B440540D1DEB35270033B146 /* libsqlite3.tbd */,
			);
			name = Frameworks;
			sourceTree = "<group>";
		};
		B440540F1DEB366C0033B146 /* Images */ = {
			isa = PBXGroup;
			children = (
				B44054101DEB366C0033B146 /* searchbar_textfield_search_icon@2x.png */,
			);
			path = Images;
			sourceTree = "<group>";
		};
/* End PBXGroup section */

/* Begin PBXNativeTarget section */
		B44053A71DEB2F070033B146 /* SearchPageDemo */ = {
			isa = PBXNativeTarget;
			buildConfigurationList = B44053D51DEB2F070033B146 /* Build configuration list for PBXNativeTarget "SearchPageDemo" */;
			buildPhases = (
				B44053A41DEB2F070033B146 /* Sources */,
				B44053A51DEB2F070033B146 /* Frameworks */,
				B44053A61DEB2F070033B146 /* Resources */,
			);
			buildRules = (
			);
			dependencies = (
			);
			name = SearchPageDemo;
			productName = SearchPageDemo;
			productReference = B44053A81DEB2F070033B146 /* SearchPageDemo.app */;
			productType = "com.apple.product-type.application";
		};
		B44053C01DEB2F070033B146 /* SearchPageDemoTests */ = {
			isa = PBXNativeTarget;
			buildConfigurationList = B44053D81DEB2F070033B146 /* Build configuration list for PBXNativeTarget "SearchPageDemoTests" */;
			buildPhases = (
				B44053BD1DEB2F070033B146 /* Sources */,
				B44053BE1DEB2F070033B146 /* Frameworks */,
				B44053BF1DEB2F070033B146 /* Resources */,
			);
			buildRules = (
			);
			dependencies = (
				B44053C31DEB2F070033B146 /* PBXTargetDependency */,
			);
			name = SearchPageDemoTests;
			productName = SearchPageDemoTests;
			productReference = B44053C11DEB2F070033B146 /* SearchPageDemoTests.xctest */;
			productType = "com.apple.product-type.bundle.unit-test";
		};
		B44053CB1DEB2F070033B146 /* SearchPageDemoUITests */ = {
			isa = PBXNativeTarget;
			buildConfigurationList = B44053DB1DEB2F070033B146 /* Build configuration list for PBXNativeTarget "SearchPageDemoUITests" */;
			buildPhases = (
				B44053C81DEB2F070033B146 /* Sources */,
				B44053C91DEB2F070033B146 /* Frameworks */,
				B44053CA1DEB2F070033B146 /* Resources */,
			);
			buildRules = (
			);
			dependencies = (
				B44053CE1DEB2F070033B146 /* PBXTargetDependency */,
			);
			name = SearchPageDemoUITests;
			productName = SearchPageDemoUITests;
			productReference = B44053CC1DEB2F070033B146 /* SearchPageDemoUITests.xctest */;
			productType = "com.apple.product-type.bundle.ui-testing";
		};
/* End PBXNativeTarget section */

/* Begin PBXProject section */
		B44053A01DEB2F070033B146 /* Project object */ = {
			isa = PBXProject;
			attributes = {
				LastUpgradeCheck = 0810;
				ORGANIZATIONNAME = "渠晓友";
				TargetAttributes = {
					B44053A71DEB2F070033B146 = {
						CreatedOnToolsVersion = 8.1;
						ProvisioningStyle = Automatic;
					};
					B44053C01DEB2F070033B146 = {
						CreatedOnToolsVersion = 8.1;
						ProvisioningStyle = Automatic;
						TestTargetID = B44053A71DEB2F070033B146;
					};
					B44053CB1DEB2F070033B146 = {
						CreatedOnToolsVersion = 8.1;
						ProvisioningStyle = Automatic;
						TestTargetID = B44053A71DEB2F070033B146;
					};
				};
			};
			buildConfigurationList = B44053A31DEB2F070033B146 /* Build configuration list for PBXProject "SearchPageDemo" */;
			compatibilityVersion = "Xcode 3.2";
			developmentRegion = English;
			hasScannedForEncodings = 0;
			knownRegions = (
				en,
				Base,
			);
			mainGroup = B440539F1DEB2F070033B146;
			productRefGroup = B44053A91DEB2F070033B146 /* Products */;
			projectDirPath = "";
			projectRoot = "";
			targets = (
				B44053A71DEB2F070033B146 /* SearchPageDemo */,
				B44053C01DEB2F070033B146 /* SearchPageDemoTests */,
				B44053CB1DEB2F070033B146 /* SearchPageDemoUITests */,
			);
		};
/* End PBXProject section */

/* Begin PBXResourcesBuildPhase section */
		B44053A61DEB2F070033B146 /* Resources */ = {
			isa = PBXResourcesBuildPhase;
			buildActionMask = 2147483647;
			files = (
				B44053BB1DEB2F070033B146 /* LaunchScreen.storyboard in Resources */,
				B44054111DEB366C0033B146 /* searchbar_textfield_search_icon@2x.png in Resources */,
				B440540B1DEB32780033B146 /* XYNewHomePageSearchResultCell.xib in Resources */,
				B44053B81DEB2F070033B146 /* Assets.xcassets in Resources */,
				B44053B61DEB2F070033B146 /* Main.storyboard in Resources */,
			);
			runOnlyForDeploymentPostprocessing = 0;
		};
		B44053BF1DEB2F070033B146 /* Resources */ = {
			isa = PBXResourcesBuildPhase;
			buildActionMask = 2147483647;
			files = (
			);
			runOnlyForDeploymentPostprocessing = 0;
		};
		B44053CA1DEB2F070033B146 /* Resources */ = {
			isa = PBXResourcesBuildPhase;
			buildActionMask = 2147483647;
			files = (
			);
			runOnlyForDeploymentPostprocessing = 0;
		};
/* End PBXResourcesBuildPhase section */

/* Begin PBXSourcesBuildPhase section */
		B44053A41DEB2F070033B146 /* Sources */ = {
			isa = PBXSourcesBuildPhase;
			buildActionMask = 2147483647;
			files = (
				B440540A1DEB32780033B146 /* XYNewHomePageSearchResultCell.m in Sources */,
				B44053ED1DEB30D80033B146 /* XYSearchBar.m in Sources */,
				B44054061DEB32670033B146 /* XYSearchModel.m in Sources */,
				B44053EE1DEB30D80033B146 /* XYSearchHistoryView.m in Sources */,
				B44053B31DEB2F070033B146 /* ViewController.m in Sources */,
				B44053E41DEB30880033B146 /* XYHomeSearchViewController.m in Sources */,
				B44053B01DEB2F070033B146 /* AppDelegate.m in Sources */,
				B44053FF1DEB32260033B146 /* FMDatabaseAdditions.m in Sources */,
				B44054021DEB32260033B146 /* FMResultSet.m in Sources */,
				B44053EC1DEB30D80033B146 /* XYHotSearches.m in Sources */,
				B44054001DEB32260033B146 /* FMDatabasePool.m in Sources */,
				B44054011DEB32260033B146 /* FMDatabaseQueue.m in Sources */,
				B44053AD1DEB2F070033B146 /* main.m in Sources */,
				B44054031DEB32260033B146 /* XYSearchCache.m in Sources */,
				B44053FE1DEB32260033B146 /* FMDatabase.m in Sources */,
			);
			runOnlyForDeploymentPostprocessing = 0;
		};
		B44053BD1DEB2F070033B146 /* Sources */ = {
			isa = PBXSourcesBuildPhase;
			buildActionMask = 2147483647;
			files = (
				B44053C61DEB2F070033B146 /* SearchPageDemoTests.m in Sources */,
			);
			runOnlyForDeploymentPostprocessing = 0;
		};
		B44053C81DEB2F070033B146 /* Sources */ = {
			isa = PBXSourcesBuildPhase;
			buildActionMask = 2147483647;
			files = (
				B44053D11DEB2F070033B146 /* SearchPageDemoUITests.m in Sources */,
			);
			runOnlyForDeploymentPostprocessing = 0;
		};
/* End PBXSourcesBuildPhase section */

/* Begin PBXTargetDependency section */
		B44053C31DEB2F070033B146 /* PBXTargetDependency */ = {
			isa = PBXTargetDependency;
			target = B44053A71DEB2F070033B146 /* SearchPageDemo */;
			targetProxy = B44053C21DEB2F070033B146 /* PBXContainerItemProxy */;
		};
		B44053CE1DEB2F070033B146 /* PBXTargetDependency */ = {
			isa = PBXTargetDependency;
			target = B44053A71DEB2F070033B146 /* SearchPageDemo */;
			targetProxy = B44053CD1DEB2F070033B146 /* PBXContainerItemProxy */;
		};
/* End PBXTargetDependency section */

/* Begin PBXVariantGroup section */
		B44053B41DEB2F070033B146 /* Main.storyboard */ = {
			isa = PBXVariantGroup;
			children = (
				B44053B51DEB2F070033B146 /* Base */,
			);
			name = Main.storyboard;
			sourceTree = "<group>";
		};
		B44053B91DEB2F070033B146 /* LaunchScreen.storyboard */ = {
			isa = PBXVariantGroup;
			children = (
				B44053BA1DEB2F070033B146 /* Base */,
			);
			name = LaunchScreen.storyboard;
			sourceTree = "<group>";
		};
/* End PBXVariantGroup section */

/* Begin XCBuildConfiguration section */
		B44053D31DEB2F070033B146 /* Debug */ = {
			isa = XCBuildConfiguration;
			buildSettings = {
				ALWAYS_SEARCH_USER_PATHS = NO;
				CLANG_ANALYZER_NONNULL = YES;
				CLANG_CXX_LANGUAGE_STANDARD = "gnu++0x";
				CLANG_CXX_LIBRARY = "libc++";
				CLANG_ENABLE_MODULES = YES;
				CLANG_ENABLE_OBJC_ARC = YES;
				CLANG_WARN_BOOL_CONVERSION = YES;
				CLANG_WARN_CONSTANT_CONVERSION = YES;
				CLANG_WARN_DIRECT_OBJC_ISA_USAGE = YES_ERROR;
				CLANG_WARN_DOCUMENTATION_COMMENTS = YES;
				CLANG_WARN_EMPTY_BODY = YES;
				CLANG_WARN_ENUM_CONVERSION = YES;
				CLANG_WARN_INFINITE_RECURSION = YES;
				CLANG_WARN_INT_CONVERSION = YES;
				CLANG_WARN_OBJC_ROOT_CLASS = YES_ERROR;
				CLANG_WARN_SUSPICIOUS_MOVES = YES;
				CLANG_WARN_UNREACHABLE_CODE = YES;
				CLANG_WARN__DUPLICATE_METHOD_MATCH = YES;
				"CODE_SIGN_IDENTITY[sdk=iphoneos*]" = "iPhone Developer";
				COPY_PHASE_STRIP = NO;
				DEBUG_INFORMATION_FORMAT = dwarf;
				ENABLE_STRICT_OBJC_MSGSEND = YES;
				ENABLE_TESTABILITY = YES;
				GCC_C_LANGUAGE_STANDARD = gnu99;
				GCC_DYNAMIC_NO_PIC = NO;
				GCC_NO_COMMON_BLOCKS = YES;
				GCC_OPTIMIZATION_LEVEL = 0;
				GCC_PREPROCESSOR_DEFINITIONS = (
					"DEBUG=1",
					"$(inherited)",
				);
				GCC_WARN_64_TO_32_BIT_CONVERSION = YES;
				GCC_WARN_ABOUT_RETURN_TYPE = YES_ERROR;
				GCC_WARN_UNDECLARED_SELECTOR = YES;
				GCC_WARN_UNINITIALIZED_AUTOS = YES_AGGRESSIVE;
				GCC_WARN_UNUSED_FUNCTION = YES;
				GCC_WARN_UNUSED_VARIABLE = YES;
				IPHONEOS_DEPLOYMENT_TARGET = 10.1;
				MTL_ENABLE_DEBUG_INFO = YES;
				ONLY_ACTIVE_ARCH = YES;
				SDKROOT = iphoneos;
				TARGETED_DEVICE_FAMILY = "1,2";
			};
			name = Debug;
		};
		B44053D41DEB2F070033B146 /* Release */ = {
			isa = XCBuildConfiguration;
			buildSettings = {
				ALWAYS_SEARCH_USER_PATHS = NO;
				CLANG_ANALYZER_NONNULL = YES;
				CLANG_CXX_LANGUAGE_STANDARD = "gnu++0x";
				CLANG_CXX_LIBRARY = "libc++";
				CLANG_ENABLE_MODULES = YES;
				CLANG_ENABLE_OBJC_ARC = YES;
				CLANG_WARN_BOOL_CONVERSION = YES;
				CLANG_WARN_CONSTANT_CONVERSION = YES;
				CLANG_WARN_DIRECT_OBJC_ISA_USAGE = YES_ERROR;
				CLANG_WARN_DOCUMENTATION_COMMENTS = YES;
				CLANG_WARN_EMPTY_BODY = YES;
				CLANG_WARN_ENUM_CONVERSION = YES;
				CLANG_WARN_INFINITE_RECURSION = YES;
				CLANG_WARN_INT_CONVERSION = YES;
				CLANG_WARN_OBJC_ROOT_CLASS = YES_ERROR;
				CLANG_WARN_SUSPICIOUS_MOVES = YES;
				CLANG_WARN_UNREACHABLE_CODE = YES;
				CLANG_WARN__DUPLICATE_METHOD_MATCH = YES;
				"CODE_SIGN_IDENTITY[sdk=iphoneos*]" = "iPhone Developer";
				COPY_PHASE_STRIP = NO;
				DEBUG_INFORMATION_FORMAT = "dwarf-with-dsym";
				ENABLE_NS_ASSERTIONS = NO;
				ENABLE_STRICT_OBJC_MSGSEND = YES;
				GCC_C_LANGUAGE_STANDARD = gnu99;
				GCC_NO_COMMON_BLOCKS = YES;
				GCC_WARN_64_TO_32_BIT_CONVERSION = YES;
				GCC_WARN_ABOUT_RETURN_TYPE = YES_ERROR;
				GCC_WARN_UNDECLARED_SELECTOR = YES;
				GCC_WARN_UNINITIALIZED_AUTOS = YES_AGGRESSIVE;
				GCC_WARN_UNUSED_FUNCTION = YES;
				GCC_WARN_UNUSED_VARIABLE = YES;
				IPHONEOS_DEPLOYMENT_TARGET = 10.1;
				MTL_ENABLE_DEBUG_INFO = NO;
				SDKROOT = iphoneos;
				TARGETED_DEVICE_FAMILY = "1,2";
				VALIDATE_PRODUCT = YES;
			};
			name = Release;
		};
		B44053D61DEB2F070033B146 /* Debug */ = {
			isa = XCBuildConfiguration;
			buildSettings = {
				ASSETCATALOG_COMPILER_APPICON_NAME = AppIcon;
				COPY_HEADERS_RUN_UNIFDEF = NO;
				COPY_HEADERS_UNIFDEF_FLAGS = "";
				GCC_INCREASE_PRECOMPILED_HEADER_SHARING = YES;
				GCC_PRECOMPILE_PREFIX_HEADER = YES;
				GCC_PREFIX_HEADER = "$(SRCROOT)/SearchPageDemo/PrefixHeader.pch";
				INFOPLIST_FILE = SearchPageDemo/Info.plist;
				LD_RUNPATH_SEARCH_PATHS = "$(inherited) @executable_path/Frameworks";
				PRODUCT_BUNDLE_IDENTIFIER = cn.pb.SearchPageDemo;
				PRODUCT_NAME = "$(TARGET_NAME)";
			};
			name = Debug;
		};
		B44053D71DEB2F070033B146 /* Release */ = {
			isa = XCBuildConfiguration;
			buildSettings = {
				ASSETCATALOG_COMPILER_APPICON_NAME = AppIcon;
				COPY_HEADERS_RUN_UNIFDEF = NO;
				COPY_HEADERS_UNIFDEF_FLAGS = "";
				GCC_INCREASE_PRECOMPILED_HEADER_SHARING = YES;
				GCC_PRECOMPILE_PREFIX_HEADER = YES;
				GCC_PREFIX_HEADER = "$(SRCROOT)/SearchPageDemo/PrefixHeader.pch";
				INFOPLIST_FILE = SearchPageDemo/Info.plist;
				LD_RUNPATH_SEARCH_PATHS = "$(inherited) @executable_path/Frameworks";
				PRODUCT_BUNDLE_IDENTIFIER = cn.pb.SearchPageDemo;
				PRODUCT_NAME = "$(TARGET_NAME)";
			};
			name = Release;
		};
		B44053D91DEB2F070033B146 /* Debug */ = {
			isa = XCBuildConfiguration;
			buildSettings = {
				BUNDLE_LOADER = "$(TEST_HOST)";
				INFOPLIST_FILE = SearchPageDemoTests/Info.plist;
				LD_RUNPATH_SEARCH_PATHS = "$(inherited) @executable_path/Frameworks @loader_path/Frameworks";
				PRODUCT_BUNDLE_IDENTIFIER = cn.pb.SearchPageDemoTests;
				PRODUCT_NAME = "$(TARGET_NAME)";
				TEST_HOST = "$(BUILT_PRODUCTS_DIR)/SearchPageDemo.app/SearchPageDemo";
			};
			name = Debug;
		};
		B44053DA1DEB2F070033B146 /* Release */ = {
			isa = XCBuildConfiguration;
			buildSettings = {
				BUNDLE_LOADER = "$(TEST_HOST)";
				INFOPLIST_FILE = SearchPageDemoTests/Info.plist;
				LD_RUNPATH_SEARCH_PATHS = "$(inherited) @executable_path/Frameworks @loader_path/Frameworks";
				PRODUCT_BUNDLE_IDENTIFIER = cn.pb.SearchPageDemoTests;
				PRODUCT_NAME = "$(TARGET_NAME)";
				TEST_HOST = "$(BUILT_PRODUCTS_DIR)/SearchPageDemo.app/SearchPageDemo";
			};
			name = Release;
		};
		B44053DC1DEB2F070033B146 /* Debug */ = {
			isa = XCBuildConfiguration;
			buildSettings = {
				INFOPLIST_FILE = SearchPageDemoUITests/Info.plist;
				LD_RUNPATH_SEARCH_PATHS = "$(inherited) @executable_path/Frameworks @loader_path/Frameworks";
				PRODUCT_BUNDLE_IDENTIFIER = cn.pb.SearchPageDemoUITests;
				PRODUCT_NAME = "$(TARGET_NAME)";
				TEST_TARGET_NAME = SearchPageDemo;
			};
			name = Debug;
		};
		B44053DD1DEB2F070033B146 /* Release */ = {
			isa = XCBuildConfiguration;
			buildSettings = {
				INFOPLIST_FILE = SearchPageDemoUITests/Info.plist;
				LD_RUNPATH_SEARCH_PATHS = "$(inherited) @executable_path/Frameworks @loader_path/Frameworks";
				PRODUCT_BUNDLE_IDENTIFIER = cn.pb.SearchPageDemoUITests;
				PRODUCT_NAME = "$(TARGET_NAME)";
				TEST_TARGET_NAME = SearchPageDemo;
			};
			name = Release;
		};
/* End XCBuildConfiguration section */

/* Begin XCConfigurationList section */
		B44053A31DEB2F070033B146 /* Build configuration list for PBXProject "SearchPageDemo" */ = {
			isa = XCConfigurationList;
			buildConfigurations = (
				B44053D31DEB2F070033B146 /* Debug */,
				B44053D41DEB2F070033B146 /* Release */,
			);
			defaultConfigurationIsVisible = 0;
			defaultConfigurationName = Release;
		};
		B44053D51DEB2F070033B146 /* Build configuration list for PBXNativeTarget "SearchPageDemo" */ = {
			isa = XCConfigurationList;
			buildConfigurations = (
				B44053D61DEB2F070033B146 /* Debug */,
				B44053D71DEB2F070033B146 /* Release */,
			);
			defaultConfigurationIsVisible = 0;
			defaultConfigurationName = Release;
		};
		B44053D81DEB2F070033B146 /* Build configuration list for PBXNativeTarget "SearchPageDemoTests" */ = {
			isa = XCConfigurationList;
			buildConfigurations = (
				B44053D91DEB2F070033B146 /* Debug */,
				B44053DA1DEB2F070033B146 /* Release */,
			);
			defaultConfigurationIsVisible = 0;
			defaultConfigurationName = Release;
		};
		B44053DB1DEB2F070033B146 /* Build configuration list for PBXNativeTarget "SearchPageDemoUITests" */ = {
			isa = XCConfigurationList;
			buildConfigurations = (
				B44053DC1DEB2F070033B146 /* Debug */,
				B44053DD1DEB2F070033B146 /* Release */,
			);
			defaultConfigurationIsVisible = 0;
			defaultConfigurationName = Release;
		};
/* End XCConfigurationList section */
	};
	rootObject = B44053A01DEB2F070033B146 /* Project object */;
}
